
Microsoft Visual Studio Solution File, Format Version 12.00
# Visual Studio Version 17
VisualStudioVersion = 17.1.32421.90
MinimumVisualStudioVersion = 10.0.40219.1
Project("{9A19103F-16F7-4668-BE54-9A1E7A4F7556}") = "la-mia-pizzeria-model", "la-mia-pizzeria-model.csproj", "{54FB289A-6C1D-4161-9F7D-C278141057ED}"
EndProject
Global
	GlobalSection(SolutionConfigurationPlatforms) = preSolution
		Debug|Any CPU = Debug|Any CPU
		Release|Any CPU = Release|Any CPU
	EndGlobalSection
	GlobalSection(ProjectConfigurationPlatforms) = postSolution
		{54FB289A-6C1D-4161-9F7D-C278141057ED}.Debug|Any CPU.ActiveCfg = Debug|Any CPU
		{54FB289A-6C1D-4161-9F7D-C278141057ED}.Debug|Any CPU.Build.0 = Debug|Any CPU
		{54FB289A-6C1D-4161-9F7D-C278141057ED}.Release|Any CPU.ActiveCfg = Release|Any CPU
		{54FB289A-6C1D-4161-9F7D-C278141057ED}.Release|Any CPU.Build.0 = Release|Any CPU
	EndGlobalSection
	GlobalSection(SolutionProperties) = preSolution
		HideSolutionNode = FALSE
	EndGlobalSection
	GlobalSection(ExtensibilityGlobals) = postSolution
		SolutionGuid = {D5A0E3A5-F8B9-4328-A6BC-3807754A0C92}
	EndGlobalSection
EndGlobal
